
Microsoft Visual Studio Solution File, Format Version 12.00
# Visual Studio 2013
VisualStudioVersion = 12.0.21005.1
MinimumVisualStudioVersion = 10.0.40219.1
Project("{FAE04EC0-301F-11D3-BF4B-00C04F79EFBC}") = "Forum", "Forum\Forum.csproj", "{B49C1B1F-5338-4D74-925D-965D6FEBF5D5}"
EndProject
Project("{FAE04EC0-301F-11D3-BF4B-00C04F79EFBC}") = "Forum.WebApi", "Forum.WebApi\Forum.WebApi.csproj", "{B30C5D00-E61D-47F1-9A6D-BF578E3EE5AB}"
EndProject
Project("{FAE04EC0-301F-11D3-BF4B-00C04F79EFBC}") = "Forum.DataAccess", "Forum.DataAccess\Forum.DataAccess.csproj", "{A7B4E6F6-9170-4264-B005-91BA6EDA7EAB}"
EndProject
Project("{FAE04EC0-301F-11D3-BF4B-00C04F79EFBC}") = "WebApi", "WebApi\WebApi.csproj", "{B6E6D2AB-A12F-4D21-8589-7D59F8E3A657}"
EndProject
Global
	GlobalSection(SolutionConfigurationPlatforms) = preSolution
		Debug|Any CPU = Debug|Any CPU
		Release|Any CPU = Release|Any CPU
	EndGlobalSection
	GlobalSection(ProjectConfigurationPlatforms) = postSolution
		{B49C1B1F-5338-4D74-925D-965D6FEBF5D5}.Debug|Any CPU.ActiveCfg = Debug|Any CPU
		{B49C1B1F-5338-4D74-925D-965D6FEBF5D5}.Debug|Any CPU.Build.0 = Debug|Any CPU
		{B49C1B1F-5338-4D74-925D-965D6FEBF5D5}.Release|Any CPU.ActiveCfg = Release|Any CPU
		{B49C1B1F-5338-4D74-925D-965D6FEBF5D5}.Release|Any CPU.Build.0 = Release|Any CPU
		{B30C5D00-E61D-47F1-9A6D-BF578E3EE5AB}.Debug|Any CPU.ActiveCfg = Debug|Any CPU
		{B30C5D00-E61D-47F1-9A6D-BF578E3EE5AB}.Debug|Any CPU.Build.0 = Debug|Any CPU
		{B30C5D00-E61D-47F1-9A6D-BF578E3EE5AB}.Release|Any CPU.ActiveCfg = Release|Any CPU
		{B30C5D00-E61D-47F1-9A6D-BF578E3EE5AB}.Release|Any CPU.Build.0 = Release|Any CPU
		{A7B4E6F6-9170-4264-B005-91BA6EDA7EAB}.Debug|Any CPU.ActiveCfg = Debug|Any CPU
		{A7B4E6F6-9170-4264-B005-91BA6EDA7EAB}.Debug|Any CPU.Build.0 = Debug|Any CPU
		{A7B4E6F6-9170-4264-B005-91BA6EDA7EAB}.Release|Any CPU.ActiveCfg = Release|Any CPU
		{A7B4E6F6-9170-4264-B005-91BA6EDA7EAB}.Release|Any CPU.Build.0 = Release|Any CPU
		{B6E6D2AB-A12F-4D21-8589-7D59F8E3A657}.Debug|Any CPU.ActiveCfg = Debug|Any CPU
		{B6E6D2AB-A12F-4D21-8589-7D59F8E3A657}.Debug|Any CPU.Build.0 = Debug|Any CPU
		{B6E6D2AB-A12F-4D21-8589-7D59F8E3A657}.Release|Any CPU.ActiveCfg = Release|Any CPU
		{B6E6D2AB-A12F-4D21-8589-7D59F8E3A657}.Release|Any CPU.Build.0 = Release|Any CPU
	EndGlobalSection
	GlobalSection(SolutionProperties) = preSolution
		HideSolutionNode = FALSE
	EndGlobalSection
EndGlobal
